// !$*UTF8*$!
{
	archiveVersion = 1;
	classes = {
	};
	objectVersion = 77;
	objects = {

/* Begin PBXContainerItemProxy section */
		E006FD9D2D762D3900297EEF /* PBXContainerItemProxy */ = {
			isa = PBXContainerItemProxy;
			containerPortal = E006FD842D762D3800297EEF /* Project object */;
			proxyType = 1;
			remoteGlobalIDString = E006FD8B2D762D3800297EEF;
			remoteInfo = cookieRabbit;
		};
		E006FDA72D762D3900297EEF /* PBXContainerItemProxy */ = {
			isa = PBXContainerItemProxy;
			containerPortal = E006FD842D762D3800297EEF /* Project object */;
			proxyType = 1;
			remoteGlobalIDString = E006FD8B2D762D3800297EEF;
			remoteInfo = cookieRabbit;
		};
/* End PBXContainerItemProxy section */

/* Begin PBXFileReference section */
		E006FD8C2D762D3800297EEF /* cookieRabbit.app */ = {isa = PBXFileReference; explicitFileType = wrapper.application; includeInIndex = 0; path = cookieRabbit.app; sourceTree = BUILT_PRODUCTS_DIR; };
		E006FD9C2D762D3900297EEF /* cookieRabbitTests.xctest */ = {isa = PBXFileReference; explicitFileType = wrapper.cfbundle; includeInIndex = 0; path = cookieRabbitTests.xctest; sourceTree = BUILT_PRODUCTS_DIR; };
		E006FDA62D762D3900297EEF /* cookieRabbitUITests.xctest */ = {isa = PBXFileReference; explicitFileType = wrapper.cfbundle; includeInIndex = 0; path = cookieRabbitUITests.xctest; sourceTree = BUILT_PRODUCTS_DIR; };
/* End PBXFileReference section */

/* Begin PBXFileSystemSynchronizedRootGroup section */
		E006FD8E2D762D3800297EEF /* cookieRabbit */ = {
			isa = PBXFileSystemSynchronizedRootGroup;
			path = cookieRabbit;
			sourceTree = "<group>";
		};
		E006FD9F2D762D3900297EEF /* cookieRabbitTests */ = {
			isa = PBXFileSystemSynchronizedRootGroup;
			path = cookieRabbitTests;
			sourceTree = "<group>";
		};
		E006FDA92D762D3900297EEF /* cookieRabbitUITests */ = {
			isa = PBXFileSystemSynchronizedRootGroup;
			path = cookieRabbitUITests;
			sourceTree = "<group>";
		};
/* End PBXFileSystemSynchronizedRootGroup section */

/* Begin PBXFrameworksBuildPhase section */
		E006FD892D762D3800297EEF /* Frameworks */ = {
			isa = PBXFrameworksBuildPhase;
			buildActionMask = 2147483647;
			files = (
			);
			runOnlyForDeploymentPostprocessing = 0;
		};
		E006FD992D762D3900297EEF /* Frameworks */ = {
			isa = PBXFrameworksBuildPhase;
			buildActionMask = 2147483647;
			files = (
			);
			runOnlyForDeploymentPostprocessing = 0;
		};
		E006FDA32D762D3900297EEF /* Frameworks */ = {
			isa = PBXFrameworksBuildPhase;
			buildActionMask = 2147483647;
			files = (
			);
			runOnlyForDeploymentPostprocessing = 0;
		};
/* End PBXFrameworksBuildPhase section */

/* Begin PBXGroup section */
		E006FD832D762D3800297EEF = {
			isa = PBXGroup;
			children = (
				E006FD8E2D762D3800297EEF /* cookieRabbit */,
				E006FD9F2D762D3900297EEF /* cookieRabbitTests */,
				E006FDA92D762D3900297EEF /* cookieRabbitUITests */,
				E006FD8D2D762D3800297EEF /* Products */,
			);
			sourceTree = "<group>";
		};
		E006FD8D2D762D3800297EEF /* Products */ = {
			isa = PBXGroup;
			children = (
				E006FD8C2D762D3800297EEF /* cookieRabbit.app */,
				E006FD9C2D762D3900297EEF /* cookieRabbitTests.xctest */,
				E006FDA62D762D3900297EEF /* cookieRabbitUITests.xctest */,
			);
			name = Products;
			sourceTree = "<group>";
		};
/* End PBXGroup section */

/* Begin PBXNativeTarget section */
		E006FD8B2D762D3800297EEF /* cookieRabbit */ = {
			isa = PBXNativeTarget;
			buildConfigurationList = E006FDB02D762D3900297EEF /* Build configuration list for PBXNativeTarget "cookieRabbit" */;
			buildPhases = (
				E006FD882D762D3800297EEF /* Sources */,
				E006FD892D762D3800297EEF /* Frameworks */,
				E006FD8A2D762D3800297EEF /* Resources */,
			);
			buildRules = (
			);
			dependencies = (
			);
			fileSystemSynchronizedGroups = (
				E006FD8E2D762D3800297EEF /* cookieRabbit */,
			);
			name = cookieRabbit;
			packageProductDependencies = (
			);
			productName = cookieRabbit;
			productReference = E006FD8C2D762D3800297EEF /* cookieRabbit.app */;
			productType = "com.apple.product-type.application";
		};
		E006FD9B2D762D3900297EEF /* cookieRabbitTests */ = {
			isa = PBXNativeTarget;
			buildConfigurationList = E006FDB32D762D3900297EEF /* Build configuration list for PBXNativeTarget "cookieRabbitTests" */;
			buildPhases = (
				E006FD982D762D3900297EEF /* Sources */,
				E006FD992D762D3900297EEF /* Frameworks */,
				E006FD9A2D762D3900297EEF /* Resources */,
			);
			buildRules = (
			);
			dependencies = (
				E006FD9E2D762D3900297EEF /* PBXTargetDependency */,
			);
			fileSystemSynchronizedGroups = (
				E006FD9F2D762D3900297EEF /* cookieRabbitTests */,
			);
			name = cookieRabbitTests;
			packageProductDependencies = (
			);
			productName = cookieRabbitTests;
			productReference = E006FD9C2D762D3900297EEF /* cookieRabbitTests.xctest */;
			productType = "com.apple.product-type.bundle.unit-test";
		};
		E006FDA52D762D3900297EEF /* cookieRabbitUITests */ = {
			isa = PBXNativeTarget;
			buildConfigurationList = E006FDB62D762D3900297EEF /* Build configuration list for PBXNativeTarget "cookieRabbitUITests" */;
			buildPhases = (
				E006FDA22D762D3900297EEF /* Sources */,
				E006FDA32D762D3900297EEF /* Frameworks */,
				E006FDA42D762D3900297EEF /* Resources */,
			);
			buildRules = (
			);
			dependencies = (
				E006FDA82D762D3900297EEF /* PBXTargetDependency */,
			);
			fileSystemSynchronizedGroups = (
				E006FDA92D762D3900297EEF /* cookieRabbitUITests */,
			);
			name = cookieRabbitUITests;
			packageProductDependencies = (
			);
			productName = cookieRabbitUITests;
			productReference = E006FDA62D762D3900297EEF /* cookieRabbitUITests.xctest */;
			productType = "com.apple.product-type.bundle.ui-testing";
		};
/* End PBXNativeTarget section */

/* Begin PBXProject section */
		E006FD842D762D3800297EEF /* Project object */ = {
			isa = PBXProject;
			attributes = {
				BuildIndependentTargetsInParallel = 1;
				LastSwiftUpdateCheck = 1620;
				LastUpgradeCheck = 1620;
				TargetAttributes = {
					E006FD8B2D762D3800297EEF = {
						CreatedOnToolsVersion = 16.2;
					};
					E006FD9B2D762D3900297EEF = {
						CreatedOnToolsVersion = 16.2;
						TestTargetID = E006FD8B2D762D3800297EEF;
					};
					E006FDA52D762D3900297EEF = {
						CreatedOnToolsVersion = 16.2;
						TestTargetID = E006FD8B2D762D3800297EEF;
					};
				};
			};
			buildConfigurationList = E006FD872D762D3800297EEF /* Build configuration list for PBXProject "cookieRabbit" */;
			developmentRegion = en;
			hasScannedForEncodings = 0;
			knownRegions = (
				en,
				Base,
			);
			mainGroup = E006FD832D762D3800297EEF;
			minimizedProjectReferenceProxies = 1;
			preferredProjectObjectVersion = 77;
			productRefGroup = E006FD8D2D762D3800297EEF /* Products */;
			projectDirPath = "";
			projectRoot = "";
			targets = (
				E006FD8B2D762D3800297EEF /* cookieRabbit */,
				E006FD9B2D762D3900297EEF /* cookieRabbitTests */,
				E006FDA52D762D3900297EEF /* cookieRabbitUITests */,
			);
		};
/* End PBXProject section */

/* Begin PBXResourcesBuildPhase section */
		E006FD8A2D762D3800297EEF /* Resources */ = {
			isa = PBXResourcesBuildPhase;
			buildActionMask = 2147483647;
			files = (
			);
			runOnlyForDeploymentPostprocessing = 0;
		};
		E006FD9A2D762D3900297EEF /* Resources */ = {
			isa = PBXResourcesBuildPhase;
			buildActionMask = 2147483647;
			files = (
			);
			runOnlyForDeploymentPostprocessing = 0;
		};
		E006FDA42D762D3900297EEF /* Resources */ = {
			isa = PBXResourcesBuildPhase;
			buildActionMask = 2147483647;
			files = (
			);
			runOnlyForDeploymentPostprocessing = 0;
		};
/* End PBXResourcesBuildPhase section */

/* Begin PBXSourcesBuildPhase section */
		E006FD882D762D3800297EEF /* Sources */ = {
			isa = PBXSourcesBuildPhase;
			buildActionMask = 2147483647;
			files = (
			);
			runOnlyForDeploymentPostprocessing = 0;
		};
		E006FD982D762D3900297EEF /* Sources */ = {
			isa = PBXSourcesBuildPhase;
			buildActionMask = 2147483647;
			files = (
			);
			runOnlyForDeploymentPostprocessing = 0;
		};
		E006FDA22D762D3900297EEF /* Sources */ = {
			isa = PBXSourcesBuildPhase;
			buildActionMask = 2147483647;
			files = (
			);
			runOnlyForDeploymentPostprocessing = 0;
		};
/* End PBXSourcesBuildPhase section */

/* Begin PBXTargetDependency section */
		E006FD9E2D762D3900297EEF /* PBXTargetDependency */ = {
			isa = PBXTargetDependency;
			target = E006FD8B2D762D3800297EEF /* cookieRabbit */;
			targetProxy = E006FD9D2D762D3900297EEF /* PBXContainerItemProxy */;
		};
		E006FDA82D762D3900297EEF /* PBXTargetDependency */ = {
			isa = PBXTargetDependency;
			target = E006FD8B2D762D3800297EEF /* cookieRabbit */;
			targetProxy = E006FDA72D762D3900297EEF /* PBXContainerItemProxy */;
		};
/* End PBXTargetDependency section */

/* Begin XCBuildConfiguration section */
		E006FDAE2D762D3900297EEF /* Debug */ = {
			isa = XCBuildConfiguration;
			buildSettings = {
				ALWAYS_SEARCH_USER_PATHS = NO;
				ASSETCATALOG_COMPILER_GENERATE_SWIFT_ASSET_SYMBOL_EXTENSIONS = YES;
				CLANG_ANALYZER_NONNULL = YES;
				CLANG_ANALYZER_NUMBER_OBJECT_CONVERSION = YES_AGGRESSIVE;
				CLANG_CXX_LANGUAGE_STANDARD = "gnu++20";
				CLANG_ENABLE_MODULES = YES;
				CLANG_ENABLE_OBJC_ARC = YES;
				CLANG_ENABLE_OBJC_WEAK = YES;
				CLANG_WARN_BLOCK_CAPTURE_AUTORELEASING = YES;
				CLANG_WARN_BOOL_CONVERSION = YES;
				CLANG_WARN_COMMA = YES;
				CLANG_WARN_CONSTANT_CONVERSION = YES;
				CLANG_WARN_DEPRECATED_OBJC_IMPLEMENTATIONS = YES;
				CLANG_WARN_DIRECT_OBJC_ISA_USAGE = YES_ERROR;
				CLANG_WARN_DOCUMENTATION_COMMENTS = YES;
				CLANG_WARN_EMPTY_BODY = YES;
				CLANG_WARN_ENUM_CONVERSION = YES;
				CLANG_WARN_INFINITE_RECURSION = YES;
				CLANG_WARN_INT_CONVERSION = YES;
				CLANG_WARN_NON_LITERAL_NULL_CONVERSION = YES;
				CLANG_WARN_OBJC_IMPLICIT_RETAIN_SELF = YES;
				CLANG_WARN_OBJC_LITERAL_CONVERSION = YES;
				CLANG_WARN_OBJC_ROOT_CLASS = YES_ERROR;
				CLANG_WARN_QUOTED_INCLUDE_IN_FRAMEWORK_HEADER = YES;
				CLANG_WARN_RANGE_LOOP_ANALYSIS = YES;
				CLANG_WARN_STRICT_PROTOTYPES = YES;
				CLANG_WARN_SUSPICIOUS_MOVE = YES;
				CLANG_WARN_UNGUARDED_AVAILABILITY = YES_AGGRESSIVE;
				CLANG_WARN_UNREACHABLE_CODE = YES;
				CLANG_WARN__DUPLICATE_METHOD_MATCH = YES;
				COPY_PHASE_STRIP = NO;
				DEBUG_INFORMATION_FORMAT = dwarf;
				ENABLE_STRICT_OBJC_MSGSEND = YES;
				ENABLE_TESTABILITY = YES;
				ENABLE_USER_SCRIPT_SANDBOXING = YES;
				GCC_C_LANGUAGE_STANDARD = gnu17;
				GCC_DYNAMIC_NO_PIC = NO;
				GCC_NO_COMMON_BLOCKS = YES;
				GCC_OPTIMIZATION_LEVEL = 0;
				GCC_PREPROCESSOR_DEFINITIONS = (
					"DEBUG=1",
					"$(inherited)",
				);
				GCC_WARN_64_TO_32_BIT_CONVERSION = YES;
				GCC_WARN_ABOUT_RETURN_TYPE = YES_ERROR;
				GCC_WARN_UNDECLARED_SELECTOR = YES;
				GCC_WARN_UNINITIALIZED_AUTOS = YES_AGGRESSIVE;
				GCC_WARN_UNUSED_FUNCTION = YES;
				GCC_WARN_UNUSED_VARIABLE = YES;
				IPHONEOS_DEPLOYMENT_TARGET = 18.2;
				LOCALIZATION_PREFERS_STRING_CATALOGS = YES;
				MTL_ENABLE_DEBUG_INFO = INCLUDE_SOURCE;
				MTL_FAST_MATH = YES;
				ONLY_ACTIVE_ARCH = YES;
				SDKROOT = iphoneos;
				SWIFT_ACTIVE_COMPILATION_CONDITIONS = "DEBUG $(inherited)";
				SWIFT_OPTIMIZATION_LEVEL = "-Onone";
			};
			name = Debug;
		};
		E006FDAF2D762D3900297EEF /* Release */ = {
			isa = XCBuildConfiguration;
			buildSettings = {
				ALWAYS_SEARCH_USER_PATHS = NO;
				ASSETCATALOG_COMPILER_GENERATE_SWIFT_ASSET_SYMBOL_EXTENSIONS = YES;
				CLANG_ANALYZER_NONNULL = YES;
				CLANG_ANALYZER_NUMBER_OBJECT_CONVERSION = YES_AGGRESSIVE;
				CLANG_CXX_LANGUAGE_STANDARD = "gnu++20";
				CLANG_ENABLE_MODULES = YES;
				CLANG_ENABLE_OBJC_ARC = YES;
				CLANG_ENABLE_OBJC_WEAK = YES;
				CLANG_WARN_BLOCK_CAPTURE_AUTORELEASING = YES;
				CLANG_WARN_BOOL_CONVERSION = YES;
				CLANG_WARN_COMMA = YES;
				CLANG_WARN_CONSTANT_CONVERSION = YES;
				CLANG_WARN_DEPRECATED_OBJC_IMPLEMENTATIONS = YES;
				CLANG_WARN_DIRECT_OBJC_ISA_USAGE = YES_ERROR;
				CLANG_WARN_DOCUMENTATION_COMMENTS = YES;
				CLANG_WARN_EMPTY_BODY = YES;
				CLANG_WARN_ENUM_CONVERSION = YES;
				CLANG_WARN_INFINITE_RECURSION = YES;
				CLANG_WARN_INT_CONVERSION = YES;
				CLANG_WARN_NON_LITERAL_NULL_CONVERSION = YES;
				CLANG_WARN_OBJC_IMPLICIT_RETAIN_SELF = YES;
				CLANG_WARN_OBJC_LITERAL_CONVERSION = YES;
				CLANG_WARN_OBJC_ROOT_CLASS = YES_ERROR;
				CLANG_WARN_QUOTED_INCLUDE_IN_FRAMEWORK_HEADER = YES;
				CLANG_WARN_RANGE_LOOP_ANALYSIS = YES;
				CLANG_WARN_STRICT_PROTOTYPES = YES;
				CLANG_WARN_SUSPICIOUS_MOVE = YES;
				CLANG_WARN_UNGUARDED_AVAILABILITY = YES_AGGRESSIVE;
				CLANG_WARN_UNREACHABLE_CODE = YES;
				CLANG_WARN__DUPLICATE_METHOD_MATCH = YES;
				COPY_PHASE_STRIP = NO;
				DEBUG_INFORMATION_FORMAT = "dwarf-with-dsym";
				ENABLE_NS_ASSERTIONS = NO;
				ENABLE_STRICT_OBJC_MSGSEND = YES;
				ENABLE_USER_SCRIPT_SANDBOXING = YES;
				GCC_C_LANGUAGE_STANDARD = gnu17;
				GCC_NO_COMMON_BLOCKS = YES;
				GCC_WARN_64_TO_32_BIT_CONVERSION = YES;
				GCC_WARN_ABOUT_RETURN_TYPE = YES_ERROR;
				GCC_WARN_UNDECLARED_SELECTOR = YES;
				GCC_WARN_UNINITIALIZED_AUTOS = YES_AGGRESSIVE;
				GCC_WARN_UNUSED_FUNCTION = YES;
				GCC_WARN_UNUSED_VARIABLE = YES;
				IPHONEOS_DEPLOYMENT_TARGET = 18.2;
				LOCALIZATION_PREFERS_STRING_CATALOGS = YES;
				MTL_ENABLE_DEBUG_INFO = NO;
				MTL_FAST_MATH = YES;
				SDKROOT = iphoneos;
				SWIFT_COMPILATION_MODE = wholemodule;
				VALIDATE_PRODUCT = YES;
			};
			name = Release;
		};
		E006FDB12D762D3900297EEF /* Debug */ = {
			isa = XCBuildConfiguration;
			buildSettings = {
				ASSETCATALOG_COMPILER_APPICON_NAME = AppIcon;
				ASSETCATALOG_COMPILER_GLOBAL_ACCENT_COLOR_NAME = AccentColor;
				CODE_SIGN_STYLE = Automatic;
				CURRENT_PROJECT_VERSION = 1;
				DEVELOPMENT_ASSET_PATHS = "\"cookieRabbit/Preview Content\"";
				DEVELOPMENT_TEAM = JWGUWL64BX;
				ENABLE_PREVIEWS = YES;
				GENERATE_INFOPLIST_FILE = YES;
				INFOPLIST_KEY_UIApplicationSceneManifest_Generation = YES;
				INFOPLIST_KEY_UIApplicationSupportsIndirectInputEvents = YES;
				INFOPLIST_KEY_UILaunchScreen_Generation = YES;
				INFOPLIST_KEY_UISupportedInterfaceOrientations_iPad = "UIInterfaceOrientationPortrait UIInterfaceOrientationPortraitUpsideDown UIInterfaceOrientationLandscapeLeft UIInterfaceOrientationLandscapeRight";
				INFOPLIST_KEY_UISupportedInterfaceOrientations_iPhone = "UIInterfaceOrientationPortrait UIInterfaceOrientationLandscapeLeft UIInterfaceOrientationLandscapeRight";
				LD_RUNPATH_SEARCH_PATHS = (
					"$(inherited)",
					"@executable_path/Frameworks",
				);
				MARKETING_VERSION = 1.0;
				PRODUCT_BUNDLE_IDENTIFIER = com.BZCode.cookieRabbit;
				PRODUCT_NAME = "$(TARGET_NAME)";
				SWIFT_EMIT_LOC_STRINGS = YES;
				SWIFT_VERSION = 5.0;
				TARGETED_DEVICE_FAMILY = "1,2";
			};
			name = Debug;
		};
		E006FDB22D762D3900297EEF /* Release */ = {
			isa = XCBuildConfiguration;
			buildSettings = {
				ASSETCATALOG_COMPILER_APPICON_NAME = AppIcon;
				ASSETCATALOG_COMPILER_GLOBAL_ACCENT_COLOR_NAME = AccentColor;
				CODE_SIGN_STYLE = Automatic;
				CURRENT_PROJECT_VERSION = 1;
				DEVELOPMENT_ASSET_PATHS = "\"cookieRabbit/Preview Content\"";
				DEVELOPMENT_TEAM = JWGUWL64BX;
				ENABLE_PREVIEWS = YES;
				GENERATE_INFOPLIST_FILE = YES;
				INFOPLIST_KEY_UIApplicationSceneManifest_Generation = YES;
				INFOPLIST_KEY_UIApplicationSupportsIndirectInputEvents = YES;
				INFOPLIST_KEY_UILaunchScreen_Generation = YES;
				INFOPLIST_KEY_UISupportedInterfaceOrientations_iPad = "UIInterfaceOrientationPortrait UIInterfaceOrientationPortraitUpsideDown UIInterfaceOrientationLandscapeLeft UIInterfaceOrientationLandscapeRight";
				INFOPLIST_KEY_UISupportedInterfaceOrientations_iPhone = "UIInterfaceOrientationPortrait UIInterfaceOrientationLandscapeLeft UIInterfaceOrientationLandscapeRight";
				LD_RUNPATH_SEARCH_PATHS = (
					"$(inherited)",
					"@executable_path/Frameworks",
				);
				MARKETING_VERSION = 1.0;
				PRODUCT_BUNDLE_IDENTIFIER = com.BZCode.cookieRabbit;
				PRODUCT_NAME = "$(TARGET_NAME)";
				SWIFT_EMIT_LOC_STRINGS = YES;
				SWIFT_VERSION = 5.0;
				TARGETED_DEVICE_FAMILY = "1,2";
			};
			name = Release;
		};
		E006FDB42D762D3900297EEF /* Debug */ = {
			isa = XCBuildConfiguration;
			buildSettings = {
				BUNDLE_LOADER = "$(TEST_HOST)";
				CODE_SIGN_STYLE = Automatic;
				CURRENT_PROJECT_VERSION = 1;
				DEVELOPMENT_TEAM = JWGUWL64BX;
				GENERATE_INFOPLIST_FILE = YES;
				IPHONEOS_DEPLOYMENT_TARGET = 18.2;
				MARKETING_VERSION = 1.0;
				PRODUCT_BUNDLE_IDENTIFIER = com.BZCode.cookieRabbitTests;
				PRODUCT_NAME = "$(TARGET_NAME)";
				SWIFT_EMIT_LOC_STRINGS = NO;
				SWIFT_VERSION = 5.0;
				TARGETED_DEVICE_FAMILY = "1,2";
				TEST_HOST = "$(BUILT_PRODUCTS_DIR)/cookieRabbit.app/$(BUNDLE_EXECUTABLE_FOLDER_PATH)/cookieRabbit";
			};
			name = Debug;
		};
		E006FDB52D762D3900297EEF /* Release */ = {
			isa = XCBuildConfiguration;
			buildSettings = {
				BUNDLE_LOADER = "$(TEST_HOST)";
				CODE_SIGN_STYLE = Automatic;
				CURRENT_PROJECT_VERSION = 1;
				DEVELOPMENT_TEAM = JWGUWL64BX;
				GENERATE_INFOPLIST_FILE = YES;
				IPHONEOS_DEPLOYMENT_TARGET = 18.2;
				MARKETING_VERSION = 1.0;
				PRODUCT_BUNDLE_IDENTIFIER = com.BZCode.cookieRabbitTests;
				PRODUCT_NAME = "$(TARGET_NAME)";
				SWIFT_EMIT_LOC_STRINGS = NO;
				SWIFT_VERSION = 5.0;
				TARGETED_DEVICE_FAMILY = "1,2";
				TEST_HOST = "$(BUILT_PRODUCTS_DIR)/cookieRabbit.app/$(BUNDLE_EXECUTABLE_FOLDER_PATH)/cookieRabbit";
			};
			name = Release;
		};
		E006FDB72D762D3900297EEF /* Debug */ = {
			isa = XCBuildConfiguration;
			buildSettings = {
				CODE_SIGN_STYLE = Automatic;
				CURRENT_PROJECT_VERSION = 1;
				DEVELOPMENT_TEAM = JWGUWL64BX;
				GENERATE_INFOPLIST_FILE = YES;
				MARKETING_VERSION = 1.0;
				PRODUCT_BUNDLE_IDENTIFIER = com.BZCode.cookieRabbitUITests;
				PRODUCT_NAME = "$(TARGET_NAME)";
				SWIFT_EMIT_LOC_STRINGS = NO;
				SWIFT_VERSION = 5.0;
				TARGETED_DEVICE_FAMILY = "1,2";
				TEST_TARGET_NAME = cookieRabbit;
			};
			name = Debug;
		};
		E006FDB82D762D3900297EEF /* Release */ = {
			isa = XCBuildConfiguration;
			buildSettings = {
				CODE_SIGN_STYLE = Automatic;
				CURRENT_PROJECT_VERSION = 1;
				DEVELOPMENT_TEAM = JWGUWL64BX;
				GENERATE_INFOPLIST_FILE = YES;
				MARKETING_VERSION = 1.0;
				PRODUCT_BUNDLE_IDENTIFIER = com.BZCode.cookieRabbitUITests;
				PRODUCT_NAME = "$(TARGET_NAME)";
				SWIFT_EMIT_LOC_STRINGS = NO;
				SWIFT_VERSION = 5.0;
				TARGETED_DEVICE_FAMILY = "1,2";
				TEST_TARGET_NAME = cookieRabbit;
			};
			name = Release;
		};
/* End XCBuildConfiguration section */

/* Begin XCConfigurationList section */
		E006FD872D762D3800297EEF /* Build configuration list for PBXProject "cookieRabbit" */ = {
			isa = XCConfigurationList;
			buildConfigurations = (
				E006FDAE2D762D3900297EEF /* Debug */,
				E006FDAF2D762D3900297EEF /* Release */,
			);
			defaultConfigurationIsVisible = 0;
			defaultConfigurationName = Release;
		};
		E006FDB02D762D3900297EEF /* Build configuration list for PBXNativeTarget "cookieRabbit" */ = {
			isa = XCConfigurationList;
			buildConfigurations = (
				E006FDB12D762D3900297EEF /* Debug */,
				E006FDB22D762D3900297EEF /* Release */,
			);
			defaultConfigurationIsVisible = 0;
			defaultConfigurationName = Release;
		};
		E006FDB32D762D3900297EEF /* Build configuration list for PBXNativeTarget "cookieRabbitTests" */ = {
			isa = XCConfigurationList;
			buildConfigurations = (
				E006FDB42D762D3900297EEF /* Debug */,
				E006FDB52D762D3900297EEF /* Release */,
			);
			defaultConfigurationIsVisible = 0;
			defaultConfigurationName = Release;
		};
		E006FDB62D762D3900297EEF /* Build configuration list for PBXNativeTarget "cookieRabbitUITests" */ = {
			isa = XCConfigurationList;
			buildConfigurations = (
				E006FDB72D762D3900297EEF /* Debug */,
				E006FDB82D762D3900297EEF /* Release */,
			);
			defaultConfigurationIsVisible = 0;
			defaultConfigurationName = Release;
		};
/* End XCConfigurationList section */
	};
	rootObject = E006FD842D762D3800297EEF /* Project object */;
}
